
Microsoft Visual Studio Solution File, Format Version 12.00
# Visual Studio Version 17
VisualStudioVersion = 17.0.31919.166
MinimumVisualStudioVersion = 10.0.40219.1
Project("{FAE04EC0-301F-11D3-BF4B-00C04F79EFBC}") = "PatientManagementSystem", "PatientManagementSystem\PatientManagementSystem.csproj", "{51D5DAE8-90EA-42A6-942A-F18A485B89A0}"
EndProject
Project("{FAE04EC0-301F-11D3-BF4B-00C04F79EFBC}") = "Models", "Models\Models.csproj", "{4CB1AD26-AE17-498C-A540-66E27A96FEB8}"
EndProject
Project("{FAE04EC0-301F-11D3-BF4B-00C04F79EFBC}") = "Persistence", "Persistence\Persistence.csproj", "{5B07AC42-EB0C-4493-B3D2-8A1219B446A2}"
EndProject
Global
	GlobalSection(SolutionConfigurationPlatforms) = preSolution
		Debug|Any CPU = Debug|Any CPU
		Release|Any CPU = Release|Any CPU
	EndGlobalSection
	GlobalSection(ProjectConfigurationPlatforms) = postSolution
		{51D5DAE8-90EA-42A6-942A-F18A485B89A0}.Debug|Any CPU.ActiveCfg = Debug|Any CPU
		{51D5DAE8-90EA-42A6-942A-F18A485B89A0}.Debug|Any CPU.Build.0 = Debug|Any CPU
		{51D5DAE8-90EA-42A6-942A-F18A485B89A0}.Release|Any CPU.ActiveCfg = Release|Any CPU
		{51D5DAE8-90EA-42A6-942A-F18A485B89A0}.Release|Any CPU.Build.0 = Release|Any CPU
		{4CB1AD26-AE17-498C-A540-66E27A96FEB8}.Debug|Any CPU.ActiveCfg = Debug|Any CPU
		{4CB1AD26-AE17-498C-A540-66E27A96FEB8}.Debug|Any CPU.Build.0 = Debug|Any CPU
		{4CB1AD26-AE17-498C-A540-66E27A96FEB8}.Release|Any CPU.ActiveCfg = Release|Any CPU
		{4CB1AD26-AE17-498C-A540-66E27A96FEB8}.Release|Any CPU.Build.0 = Release|Any CPU
		{5B07AC42-EB0C-4493-B3D2-8A1219B446A2}.Debug|Any CPU.ActiveCfg = Debug|Any CPU
		{5B07AC42-EB0C-4493-B3D2-8A1219B446A2}.Debug|Any CPU.Build.0 = Debug|Any CPU
		{5B07AC42-EB0C-4493-B3D2-8A1219B446A2}.Release|Any CPU.ActiveCfg = Release|Any CPU
		{5B07AC42-EB0C-4493-B3D2-8A1219B446A2}.Release|Any CPU.Build.0 = Release|Any CPU
	EndGlobalSection
	GlobalSection(SolutionProperties) = preSolution
		HideSolutionNode = FALSE
	EndGlobalSection
	GlobalSection(ExtensibilityGlobals) = postSolution
		SolutionGuid = {C0F4D809-6E20-4BAC-834F-2F1CA2A30DA0}
	EndGlobalSection
EndGlobal
